
Microsoft Visual Studio Solution File, Format Version 12.00
# Visual Studio Version 16
VisualStudioVersion = 16.0.30711.63
MinimumVisualStudioVersion = 10.0.40219.1
Project("{9A19103F-16F7-4668-BE54-9A1E7A4F7556}") = "ThiefWorld", "ThiefWorld\ThiefWorld.csproj", "{DE32A347-EEBB-43C4-AB3D-D2F00820016C}"
EndProject
Project("{9A19103F-16F7-4668-BE54-9A1E7A4F7556}") = "Tests", "Tests\Tests.csproj", "{77E069AA-B828-45CF-A936-768BFC840075}"
EndProject
Global
	GlobalSection(SolutionConfigurationPlatforms) = preSolution
		Debug|Any CPU = Debug|Any CPU
		Release|Any CPU = Release|Any CPU
	EndGlobalSection
	GlobalSection(ProjectConfigurationPlatforms) = postSolution
		{DE32A347-EEBB-43C4-AB3D-D2F00820016C}.Debug|Any CPU.ActiveCfg = Debug|Any CPU
		{DE32A347-EEBB-43C4-AB3D-D2F00820016C}.Debug|Any CPU.Build.0 = Debug|Any CPU
		{DE32A347-EEBB-43C4-AB3D-D2F00820016C}.Release|Any CPU.ActiveCfg = Release|Any CPU
		{DE32A347-EEBB-43C4-AB3D-D2F00820016C}.Release|Any CPU.Build.0 = Release|Any CPU
		{77E069AA-B828-45CF-A936-768BFC840075}.Debug|Any CPU.ActiveCfg = Debug|Any CPU
		{77E069AA-B828-45CF-A936-768BFC840075}.Debug|Any CPU.Build.0 = Debug|Any CPU
		{77E069AA-B828-45CF-A936-768BFC840075}.Release|Any CPU.ActiveCfg = Release|Any CPU
		{77E069AA-B828-45CF-A936-768BFC840075}.Release|Any CPU.Build.0 = Release|Any CPU
	EndGlobalSection
	GlobalSection(SolutionProperties) = preSolution
		HideSolutionNode = FALSE
	EndGlobalSection
	GlobalSection(ExtensibilityGlobals) = postSolution
		SolutionGuid = {E4BA34B5-09FB-4A68-9B06-9E64E1CC2458}
	EndGlobalSection
EndGlobal
